
Microsoft Visual Studio Solution File, Format Version 12.00
# Visual Studio Version 16
VisualStudioVersion = 16.0.29215.179
MinimumVisualStudioVersion = 10.0.40219.1
Project("{FAE04EC0-301F-11D3-BF4B-00C04F79EFBC}") = "PlayerNinJaDomain.Classes", "PlayerNinJaDomain.Classes.csproj", "{9E573543-9B6A-4577-8F5E-6B1D4D6C6338}"
EndProject
Global
	GlobalSection(SolutionConfigurationPlatforms) = preSolution
		Debug|Any CPU = Debug|Any CPU
		Release|Any CPU = Release|Any CPU
	EndGlobalSection
	GlobalSection(ProjectConfigurationPlatforms) = postSolution
		{9E573543-9B6A-4577-8F5E-6B1D4D6C6338}.Debug|Any CPU.ActiveCfg = Debug|Any CPU
		{9E573543-9B6A-4577-8F5E-6B1D4D6C6338}.Debug|Any CPU.Build.0 = Debug|Any CPU
		{9E573543-9B6A-4577-8F5E-6B1D4D6C6338}.Release|Any CPU.ActiveCfg = Release|Any CPU
		{9E573543-9B6A-4577-8F5E-6B1D4D6C6338}.Release|Any CPU.Build.0 = Release|Any CPU
	EndGlobalSection
	GlobalSection(SolutionProperties) = preSolution
		HideSolutionNode = FALSE
	EndGlobalSection
	GlobalSection(ExtensibilityGlobals) = postSolution
		SolutionGuid = {AB0A081F-0309-4FA0-9D24-58D0A291792F}
	EndGlobalSection
EndGlobal
